
Microsoft Visual Studio Solution File, Format Version 12.00
# Visual Studio Version 16
VisualStudioVersion = 16.0.29403.142
MinimumVisualStudioVersion = 10.0.40219.1
Project("{FAE04EC0-301F-11D3-BF4B-00C04F79EFBC}") = "QuanLiNhaHang_Ver4", "QuanLiNhaHang_Ver4\QuanLiNhaHang_Ver4.csproj", "{A85E4729-9519-4022-B668-2C616232AFBD}"
EndProject
Global
	GlobalSection(SolutionConfigurationPlatforms) = preSolution
		Debug|Any CPU = Debug|Any CPU
		Release|Any CPU = Release|Any CPU
	EndGlobalSection
	GlobalSection(ProjectConfigurationPlatforms) = postSolution
		{A85E4729-9519-4022-B668-2C616232AFBD}.Debug|Any CPU.ActiveCfg = Debug|Any CPU
		{A85E4729-9519-4022-B668-2C616232AFBD}.Debug|Any CPU.Build.0 = Debug|Any CPU
		{A85E4729-9519-4022-B668-2C616232AFBD}.Release|Any CPU.ActiveCfg = Release|Any CPU
		{A85E4729-9519-4022-B668-2C616232AFBD}.Release|Any CPU.Build.0 = Release|Any CPU
	EndGlobalSection
	GlobalSection(SolutionProperties) = preSolution
		HideSolutionNode = FALSE
	EndGlobalSection
	GlobalSection(ExtensibilityGlobals) = postSolution
		SolutionGuid = {39A35E78-A634-4B4D-B32C-0B68813BA7AB}
	EndGlobalSection
EndGlobal
